// !$*UTF8*$!
{
	archiveVersion = 1;
	classes = {
	};
	objectVersion = 48;
	objects = {

/* Begin PBXBuildFile section */
		2E109FA520797BBB00C0E49F /* placeholder.png in Resources */ = {isa = PBXBuildFile; fileRef = 2E109FA420797BBB00C0E49F /* placeholder.png */; };
		2E109FA720797C4900C0E49F /* DateString.swift in Sources */ = {isa = PBXBuildFile; fileRef = 2E109FA620797C4900C0E49F /* DateString.swift */; };
		2E109FAD2079896000C0E49F /* NewsCellBodyView.swift in Sources */ = {isa = PBXBuildFile; fileRef = 2E109FAC2079896000C0E49F /* NewsCellBodyView.swift */; };
		2E109FAF207989BB00C0E49F /* FeedCellFooterView.swift in Sources */ = {isa = PBXBuildFile; fileRef = 2E109FAE207989BB00C0E49F /* FeedCellFooterView.swift */; };
		2E109FB12079958A00C0E49F /* FeedCellHeaderView.swift in Sources */ = {isa = PBXBuildFile; fileRef = 2E109FB02079958A00C0E49F /* FeedCellHeaderView.swift */; };
		2E109FB52079A3D400C0E49F /* download.jpeg in Resources */ = {isa = PBXBuildFile; fileRef = 2E109FB42079A3D400C0E49F /* download.jpeg */; };
		2E144747207A996300E19CEE /* ImageViews.swift in Sources */ = {isa = PBXBuildFile; fileRef = 2E144746207A996300E19CEE /* ImageViews.swift */; };
		2E14474C207AB06A00E19CEE /* PostCellBodyView.swift in Sources */ = {isa = PBXBuildFile; fileRef = 2E14474B207AB06A00E19CEE /* PostCellBodyView.swift */; };
		2E14474E207AB12700E19CEE /* PostFeedTableViewCell.swift in Sources */ = {isa = PBXBuildFile; fileRef = 2E14474D207AB12700E19CEE /* PostFeedTableViewCell.swift */; };
		2E1F02542079550D009BA404 /* UIImageView.swift in Sources */ = {isa = PBXBuildFile; fileRef = 2E1F02532079550D009BA404 /* UIImageView.swift */; };
		2E32884C207698F000A6D66B /* AppDelegate.swift in Sources */ = {isa = PBXBuildFile; fileRef = 2E32884B207698F000A6D66B /* AppDelegate.swift */; };
		2E32884E207698F000A6D66B /* TableViewController.swift in Sources */ = {isa = PBXBuildFile; fileRef = 2E32884D207698F000A6D66B /* TableViewController.swift */; };
		2E328851207698F000A6D66B /* Main.storyboard in Resources */ = {isa = PBXBuildFile; fileRef = 2E32884F207698F000A6D66B /* Main.storyboard */; };
		2E328853207698F000A6D66B /* Assets.xcassets in Resources */ = {isa = PBXBuildFile; fileRef = 2E328852207698F000A6D66B /* Assets.xcassets */; };
		2E328856207698F000A6D66B /* LaunchScreen.storyboard in Resources */ = {isa = PBXBuildFile; fileRef = 2E328854207698F000A6D66B /* LaunchScreen.storyboard */; };
		2E62D71A207C275800EBD59A /* PostManager.swift in Sources */ = {isa = PBXBuildFile; fileRef = 2E62D719207C275800EBD59A /* PostManager.swift */; };
		2E6AD545207AC0F40097B438 /* CollectionViewController.swift in Sources */ = {isa = PBXBuildFile; fileRef = 2E6AD544207AC0F40097B438 /* CollectionViewController.swift */; };
		2E6AD547207AC1BB0097B438 /* PostFeedCollectionViewCell.swift in Sources */ = {isa = PBXBuildFile; fileRef = 2E6AD546207AC1BB0097B438 /* PostFeedCollectionViewCell.swift */; };
		2E6AD549207AC7E30097B438 /* NewsFeedCollectionViewCell.swift in Sources */ = {isa = PBXBuildFile; fileRef = 2E6AD548207AC7E30097B438 /* NewsFeedCollectionViewCell.swift */; };
		2EDC5D602076F28C007817EA /* Encodable.swift in Sources */ = {isa = PBXBuildFile; fileRef = 2EDC5D5F2076F28C007817EA /* Encodable.swift */; };
		2EDC5D622076F2A8007817EA /* PostObjects.swift in Sources */ = {isa = PBXBuildFile; fileRef = 2EDC5D612076F2A8007817EA /* PostObjects.swift */; };
		2EDC5D642076F2D0007817EA /* LykAppService.swift in Sources */ = {isa = PBXBuildFile; fileRef = 2EDC5D632076F2D0007817EA /* LykAppService.swift */; };
		2EDC5D6620770CA5007817EA /* LykUser.swift in Sources */ = {isa = PBXBuildFile; fileRef = 2EDC5D6520770CA5007817EA /* LykUser.swift */; };
		2EDC5D6B2078052A007817EA /* NewsFeedTableViewCell.swift in Sources */ = {isa = PBXBuildFile; fileRef = 2EDC5D6A2078052A007817EA /* NewsFeedTableViewCell.swift */; };
		2EDC5D6D20780E81007817EA /* UIView.swift in Sources */ = {isa = PBXBuildFile; fileRef = 2EDC5D6C20780E81007817EA /* UIView.swift */; };
/* End PBXBuildFile section */

/* Begin PBXFileReference section */
		2E109FA420797BBB00C0E49F /* placeholder.png */ = {isa = PBXFileReference; lastKnownFileType = image.png; path = placeholder.png; sourceTree = "<group>"; };
		2E109FA620797C4900C0E49F /* DateString.swift */ = {isa = PBXFileReference; lastKnownFileType = sourcecode.swift; path = DateString.swift; sourceTree = "<group>"; };
		2E109FAC2079896000C0E49F /* NewsCellBodyView.swift */ = {isa = PBXFileReference; lastKnownFileType = sourcecode.swift; path = NewsCellBodyView.swift; sourceTree = "<group>"; };
		2E109FAE207989BB00C0E49F /* FeedCellFooterView.swift */ = {isa = PBXFileReference; lastKnownFileType = sourcecode.swift; path = FeedCellFooterView.swift; sourceTree = "<group>"; };
		2E109FB02079958A00C0E49F /* FeedCellHeaderView.swift */ = {isa = PBXFileReference; lastKnownFileType = sourcecode.swift; path = FeedCellHeaderView.swift; sourceTree = "<group>"; };
		2E109FB42079A3D400C0E49F /* download.jpeg */ = {isa = PBXFileReference; lastKnownFileType = image.jpeg; path = download.jpeg; sourceTree = "<group>"; };
		2E144746207A996300E19CEE /* ImageViews.swift */ = {isa = PBXFileReference; lastKnownFileType = sourcecode.swift; path = ImageViews.swift; sourceTree = "<group>"; };
		2E14474B207AB06A00E19CEE /* PostCellBodyView.swift */ = {isa = PBXFileReference; lastKnownFileType = sourcecode.swift; path = PostCellBodyView.swift; sourceTree = "<group>"; };
		2E14474D207AB12700E19CEE /* PostFeedTableViewCell.swift */ = {isa = PBXFileReference; lastKnownFileType = sourcecode.swift; path = PostFeedTableViewCell.swift; sourceTree = "<group>"; };
		2E1F02532079550D009BA404 /* UIImageView.swift */ = {isa = PBXFileReference; lastKnownFileType = sourcecode.swift; path = UIImageView.swift; sourceTree = "<group>"; };
		2E328848207698F000A6D66B /* NetworkPostDemo.app */ = {isa = PBXFileReference; explicitFileType = wrapper.application; includeInIndex = 0; path = NetworkPostDemo.app; sourceTree = BUILT_PRODUCTS_DIR; };
		2E32884B207698F000A6D66B /* AppDelegate.swift */ = {isa = PBXFileReference; lastKnownFileType = sourcecode.swift; path = AppDelegate.swift; sourceTree = "<group>"; };
		2E32884D207698F000A6D66B /* TableViewController.swift */ = {isa = PBXFileReference; lastKnownFileType = sourcecode.swift; path = TableViewController.swift; sourceTree = "<group>"; };
		2E328850207698F000A6D66B /* Base */ = {isa = PBXFileReference; lastKnownFileType = file.storyboard; name = Base; path = Base.lproj/Main.storyboard; sourceTree = "<group>"; };
		2E328852207698F000A6D66B /* Assets.xcassets */ = {isa = PBXFileReference; lastKnownFileType = folder.assetcatalog; path = Assets.xcassets; sourceTree = "<group>"; };
		2E328855207698F000A6D66B /* Base */ = {isa = PBXFileReference; lastKnownFileType = file.storyboard; name = Base; path = Base.lproj/LaunchScreen.storyboard; sourceTree = "<group>"; };
		2E328857207698F000A6D66B /* Info.plist */ = {isa = PBXFileReference; lastKnownFileType = text.plist.xml; path = Info.plist; sourceTree = "<group>"; };
		2E62D719207C275800EBD59A /* PostManager.swift */ = {isa = PBXFileReference; lastKnownFileType = sourcecode.swift; path = PostManager.swift; sourceTree = "<group>"; };
		2E6AD544207AC0F40097B438 /* CollectionViewController.swift */ = {isa = PBXFileReference; lastKnownFileType = sourcecode.swift; path = CollectionViewController.swift; sourceTree = "<group>"; };
		2E6AD546207AC1BB0097B438 /* PostFeedCollectionViewCell.swift */ = {isa = PBXFileReference; lastKnownFileType = sourcecode.swift; path = PostFeedCollectionViewCell.swift; sourceTree = "<group>"; };
		2E6AD548207AC7E30097B438 /* NewsFeedCollectionViewCell.swift */ = {isa = PBXFileReference; lastKnownFileType = sourcecode.swift; path = NewsFeedCollectionViewCell.swift; sourceTree = "<group>"; };
		2EDC5D5F2076F28C007817EA /* Encodable.swift */ = {isa = PBXFileReference; lastKnownFileType = sourcecode.swift; path = Encodable.swift; sourceTree = "<group>"; };
		2EDC5D612076F2A8007817EA /* PostObjects.swift */ = {isa = PBXFileReference; lastKnownFileType = sourcecode.swift; path = PostObjects.swift; sourceTree = "<group>"; };
		2EDC5D632076F2D0007817EA /* LykAppService.swift */ = {isa = PBXFileReference; lastKnownFileType = sourcecode.swift; path = LykAppService.swift; sourceTree = "<group>"; };
		2EDC5D6520770CA5007817EA /* LykUser.swift */ = {isa = PBXFileReference; lastKnownFileType = sourcecode.swift; path = LykUser.swift; sourceTree = "<group>"; };
		2EDC5D6A2078052A007817EA /* NewsFeedTableViewCell.swift */ = {isa = PBXFileReference; lastKnownFileType = sourcecode.swift; path = NewsFeedTableViewCell.swift; sourceTree = "<group>"; };
		2EDC5D6C20780E81007817EA /* UIView.swift */ = {isa = PBXFileReference; lastKnownFileType = sourcecode.swift; path = UIView.swift; sourceTree = "<group>"; };
/* End PBXFileReference section */

/* Begin PBXFrameworksBuildPhase section */
		2E328845207698F000A6D66B /* Frameworks */ = {
			isa = PBXFrameworksBuildPhase;
			buildActionMask = 2147483647;
			files = (
			);
			runOnlyForDeploymentPostprocessing = 0;
		};
/* End PBXFrameworksBuildPhase section */

/* Begin PBXGroup section */
		2E109FAA2079894100C0E49F /* FeedViews */ = {
			isa = PBXGroup;
			children = (
				2E109FB02079958A00C0E49F /* FeedCellHeaderView.swift */,
				2E109FAE207989BB00C0E49F /* FeedCellFooterView.swift */,
				2E14474A207AB04C00E19CEE /* Posts */,
				2E109FAB2079895100C0E49F /* News */,
			);
			path = FeedViews;
			sourceTree = "<group>";
		};
		2E109FAB2079895100C0E49F /* News */ = {
			isa = PBXGroup;
			children = (
				2EDC5D6A2078052A007817EA /* NewsFeedTableViewCell.swift */,
				2E6AD548207AC7E30097B438 /* NewsFeedCollectionViewCell.swift */,
				2E109FAC2079896000C0E49F /* NewsCellBodyView.swift */,
			);
			path = News;
			sourceTree = "<group>";
		};
		2E14474A207AB04C00E19CEE /* Posts */ = {
			isa = PBXGroup;
			children = (
				2E14474D207AB12700E19CEE /* PostFeedTableViewCell.swift */,
				2E6AD546207AC1BB0097B438 /* PostFeedCollectionViewCell.swift */,
				2E14474B207AB06A00E19CEE /* PostCellBodyView.swift */,
			);
			path = Posts;
			sourceTree = "<group>";
		};
		2E32883F207698F000A6D66B = {
			isa = PBXGroup;
			children = (
				2E32884A207698F000A6D66B /* NetworkPostDemo */,
				2E328849207698F000A6D66B /* Products */,
			);
			sourceTree = "<group>";
		};
		2E328849207698F000A6D66B /* Products */ = {
			isa = PBXGroup;
			children = (
				2E328848207698F000A6D66B /* NetworkPostDemo.app */,
			);
			name = Products;
			sourceTree = "<group>";
		};
		2E32884A207698F000A6D66B /* NetworkPostDemo */ = {
			isa = PBXGroup;
			children = (
				2E32884B207698F000A6D66B /* AppDelegate.swift */,
				2E32884D207698F000A6D66B /* TableViewController.swift */,
				2E6AD544207AC0F40097B438 /* CollectionViewController.swift */,
				2E32884F207698F000A6D66B /* Main.storyboard */,
				2E328852207698F000A6D66B /* Assets.xcassets */,
				2E328854207698F000A6D66B /* LaunchScreen.storyboard */,
				2E328857207698F000A6D66B /* Info.plist */,
				2E109FA420797BBB00C0E49F /* placeholder.png */,
				2E109FB42079A3D400C0E49F /* download.jpeg */,
				2EDC5D67207804D0007817EA /* Services */,
				2E109FAA2079894100C0E49F /* FeedViews */,
				2EDC5D68207804E1007817EA /* Models */,
				2EDC5D69207804F8007817EA /* Extensions */,
			);
			path = NetworkPostDemo;
			sourceTree = "<group>";
		};
		2EDC5D67207804D0007817EA /* Services */ = {
			isa = PBXGroup;
			children = (
				2EDC5D632076F2D0007817EA /* LykAppService.swift */,
				2E144746207A996300E19CEE /* ImageViews.swift */,
				2E62D719207C275800EBD59A /* PostManager.swift */,
			);
			path = Services;
			sourceTree = "<group>";
		};
		2EDC5D68207804E1007817EA /* Models */ = {
			isa = PBXGroup;
			children = (
				2EDC5D6520770CA5007817EA /* LykUser.swift */,
				2EDC5D612076F2A8007817EA /* PostObjects.swift */,
			);
			path = Models;
			sourceTree = "<group>";
		};
		2EDC5D69207804F8007817EA /* Extensions */ = {
			isa = PBXGroup;
			children = (
				2EDC5D5F2076F28C007817EA /* Encodable.swift */,
				2EDC5D6C20780E81007817EA /* UIView.swift */,
				2E1F02532079550D009BA404 /* UIImageView.swift */,
				2E109FA620797C4900C0E49F /* DateString.swift */,
			);
			path = Extensions;
			sourceTree = "<group>";
		};
/* End PBXGroup section */

/* Begin PBXNativeTarget section */
		2E328847207698F000A6D66B /* NetworkPostDemo */ = {
			isa = PBXNativeTarget;
			buildConfigurationList = 2E32885A207698F000A6D66B /* Build configuration list for PBXNativeTarget "NetworkPostDemo" */;
			buildPhases = (
				2E328844207698F000A6D66B /* Sources */,
				2E328845207698F000A6D66B /* Frameworks */,
				2E328846207698F000A6D66B /* Resources */,
			);
			buildRules = (
			);
			dependencies = (
			);
			name = NetworkPostDemo;
			productName = NetworkPostDemo;
			productReference = 2E328848207698F000A6D66B /* NetworkPostDemo.app */;
			productType = "com.apple.product-type.application";
		};
/* End PBXNativeTarget section */

/* Begin PBXProject section */
		2E328840207698F000A6D66B /* Project object */ = {
			isa = PBXProject;
			attributes = {
				LastSwiftUpdateCheck = 0920;
				LastUpgradeCheck = 0920;
				ORGANIZATIONNAME = baksha97;
				TargetAttributes = {
					2E328847207698F000A6D66B = {
						CreatedOnToolsVersion = 9.2;
						ProvisioningStyle = Automatic;
					};
				};
			};
			buildConfigurationList = 2E328843207698F000A6D66B /* Build configuration list for PBXProject "NetworkPostDemo" */;
			compatibilityVersion = "Xcode 8.0";
			developmentRegion = en;
			hasScannedForEncodings = 0;
			knownRegions = (
				en,
				Base,
			);
			mainGroup = 2E32883F207698F000A6D66B;
			productRefGroup = 2E328849207698F000A6D66B /* Products */;
			projectDirPath = "";
			projectRoot = "";
			targets = (
				2E328847207698F000A6D66B /* NetworkPostDemo */,
			);
		};
/* End PBXProject section */

/* Begin PBXResourcesBuildPhase section */
		2E328846207698F000A6D66B /* Resources */ = {
			isa = PBXResourcesBuildPhase;
			buildActionMask = 2147483647;
			files = (
				2E328856207698F000A6D66B /* LaunchScreen.storyboard in Resources */,
				2E109FA520797BBB00C0E49F /* placeholder.png in Resources */,
				2E109FB52079A3D400C0E49F /* download.jpeg in Resources */,
				2E328853207698F000A6D66B /* Assets.xcassets in Resources */,
				2E328851207698F000A6D66B /* Main.storyboard in Resources */,
			);
			runOnlyForDeploymentPostprocessing = 0;
		};
/* End PBXResourcesBuildPhase section */

/* Begin PBXSourcesBuildPhase section */
		2E328844207698F000A6D66B /* Sources */ = {
			isa = PBXSourcesBuildPhase;
			buildActionMask = 2147483647;
			files = (
				2EDC5D6D20780E81007817EA /* UIView.swift in Sources */,
				2E14474E207AB12700E19CEE /* PostFeedTableViewCell.swift in Sources */,
				2E1F02542079550D009BA404 /* UIImageView.swift in Sources */,
				2EDC5D622076F2A8007817EA /* PostObjects.swift in Sources */,
				2EDC5D6620770CA5007817EA /* LykUser.swift in Sources */,
				2EDC5D6B2078052A007817EA /* NewsFeedTableViewCell.swift in Sources */,
				2E109FA720797C4900C0E49F /* DateString.swift in Sources */,
				2E109FAD2079896000C0E49F /* NewsCellBodyView.swift in Sources */,
				2E6AD547207AC1BB0097B438 /* PostFeedCollectionViewCell.swift in Sources */,
				2E109FB12079958A00C0E49F /* FeedCellHeaderView.swift in Sources */,
				2EDC5D642076F2D0007817EA /* LykAppService.swift in Sources */,
				2E62D71A207C275800EBD59A /* PostManager.swift in Sources */,
				2E32884E207698F000A6D66B /* TableViewController.swift in Sources */,
				2E6AD545207AC0F40097B438 /* CollectionViewController.swift in Sources */,
				2E14474C207AB06A00E19CEE /* PostCellBodyView.swift in Sources */,
				2E144747207A996300E19CEE /* ImageViews.swift in Sources */,
				2EDC5D602076F28C007817EA /* Encodable.swift in Sources */,
				2E6AD549207AC7E30097B438 /* NewsFeedCollectionViewCell.swift in Sources */,
				2E109FAF207989BB00C0E49F /* FeedCellFooterView.swift in Sources */,
				2E32884C207698F000A6D66B /* AppDelegate.swift in Sources */,
			);
			runOnlyForDeploymentPostprocessing = 0;
		};
/* End PBXSourcesBuildPhase section */

/* Begin PBXVariantGroup section */
		2E32884F207698F000A6D66B /* Main.storyboard */ = {
			isa = PBXVariantGroup;
			children = (
				2E328850207698F000A6D66B /* Base */,
			);
			name = Main.storyboard;
			sourceTree = "<group>";
		};
		2E328854207698F000A6D66B /* LaunchScreen.storyboard */ = {
			isa = PBXVariantGroup;
			children = (
				2E328855207698F000A6D66B /* Base */,
			);
			name = LaunchScreen.storyboard;
			sourceTree = "<group>";
		};
/* End PBXVariantGroup section */

/* Begin XCBuildConfiguration section */
		2E328858207698F000A6D66B /* Debug */ = {
			isa = XCBuildConfiguration;
			buildSettings = {
				ALWAYS_SEARCH_USER_PATHS = NO;
				CLANG_ANALYZER_NONNULL = YES;
				CLANG_ANALYZER_NUMBER_OBJECT_CONVERSION = YES_AGGRESSIVE;
				CLANG_CXX_LANGUAGE_STANDARD = "gnu++14";
				CLANG_CXX_LIBRARY = "libc++";
				CLANG_ENABLE_MODULES = YES;
				CLANG_ENABLE_OBJC_ARC = YES;
				CLANG_WARN_BLOCK_CAPTURE_AUTORELEASING = YES;
				CLANG_WARN_BOOL_CONVERSION = YES;
				CLANG_WARN_COMMA = YES;
				CLANG_WARN_CONSTANT_CONVERSION = YES;
				CLANG_WARN_DIRECT_OBJC_ISA_USAGE = YES_ERROR;
				CLANG_WARN_DOCUMENTATION_COMMENTS = YES;
				CLANG_WARN_EMPTY_BODY = YES;
				CLANG_WARN_ENUM_CONVERSION = YES;
				CLANG_WARN_INFINITE_RECURSION = YES;
				CLANG_WARN_INT_CONVERSION = YES;
				CLANG_WARN_NON_LITERAL_NULL_CONVERSION = YES;
				CLANG_WARN_OBJC_LITERAL_CONVERSION = YES;
				CLANG_WARN_OBJC_ROOT_CLASS = YES_ERROR;
				CLANG_WARN_RANGE_LOOP_ANALYSIS = YES;
				CLANG_WARN_STRICT_PROTOTYPES = YES;
				CLANG_WARN_SUSPICIOUS_MOVE = YES;
				CLANG_WARN_UNGUARDED_AVAILABILITY = YES_AGGRESSIVE;
				CLANG_WARN_UNREACHABLE_CODE = YES;
				CLANG_WARN__DUPLICATE_METHOD_MATCH = YES;
				CODE_SIGN_IDENTITY = "iPhone Developer";
				COPY_PHASE_STRIP = NO;
				DEBUG_INFORMATION_FORMAT = dwarf;
				ENABLE_STRICT_OBJC_MSGSEND = YES;
				ENABLE_TESTABILITY = YES;
				GCC_C_LANGUAGE_STANDARD = gnu11;
				GCC_DYNAMIC_NO_PIC = NO;
				GCC_NO_COMMON_BLOCKS = YES;
				GCC_OPTIMIZATION_LEVEL = 0;
				GCC_PREPROCESSOR_DEFINITIONS = (
					"DEBUG=1",
					"$(inherited)",
				);
				GCC_WARN_64_TO_32_BIT_CONVERSION = YES;
				GCC_WARN_ABOUT_RETURN_TYPE = YES_ERROR;
				GCC_WARN_UNDECLARED_SELECTOR = YES;
				GCC_WARN_UNINITIALIZED_AUTOS = YES_AGGRESSIVE;
				GCC_WARN_UNUSED_FUNCTION = YES;
				GCC_WARN_UNUSED_VARIABLE = YES;
				IPHONEOS_DEPLOYMENT_TARGET = 11.2;
				MTL_ENABLE_DEBUG_INFO = YES;
				ONLY_ACTIVE_ARCH = YES;
				SDKROOT = iphoneos;
				SWIFT_ACTIVE_COMPILATION_CONDITIONS = DEBUG;
				SWIFT_OPTIMIZATION_LEVEL = "-Onone";
			};
			name = Debug;
		};
		2E328859207698F000A6D66B /* Release */ = {
			isa = XCBuildConfiguration;
			buildSettings = {
				ALWAYS_SEARCH_USER_PATHS = NO;
				CLANG_ANALYZER_NONNULL = YES;
				CLANG_ANALYZER_NUMBER_OBJECT_CONVERSION = YES_AGGRESSIVE;
				CLANG_CXX_LANGUAGE_STANDARD = "gnu++14";
				CLANG_CXX_LIBRARY = "libc++";
				CLANG_ENABLE_MODULES = YES;
				CLANG_ENABLE_OBJC_ARC = YES;
				CLANG_WARN_BLOCK_CAPTURE_AUTORELEASING = YES;
				CLANG_WARN_BOOL_CONVERSION = YES;
				CLANG_WARN_COMMA = YES;
				CLANG_WARN_CONSTANT_CONVERSION = YES;
				CLANG_WARN_DIRECT_OBJC_ISA_USAGE = YES_ERROR;
				CLANG_WARN_DOCUMENTATION_COMMENTS = YES;
				CLANG_WARN_EMPTY_BODY = YES;
				CLANG_WARN_ENUM_CONVERSION = YES;
				CLANG_WARN_INFINITE_RECURSION = YES;
				CLANG_WARN_INT_CONVERSION = YES;
				CLANG_WARN_NON_LITERAL_NULL_CONVERSION = YES;
				CLANG_WARN_OBJC_LITERAL_CONVERSION = YES;
				CLANG_WARN_OBJC_ROOT_CLASS = YES_ERROR;
				CLANG_WARN_RANGE_LOOP_ANALYSIS = YES;
				CLANG_WARN_STRICT_PROTOTYPES = YES;
				CLANG_WARN_SUSPICIOUS_MOVE = YES;
				CLANG_WARN_UNGUARDED_AVAILABILITY = YES_AGGRESSIVE;
				CLANG_WARN_UNREACHABLE_CODE = YES;
				CLANG_WARN__DUPLICATE_METHOD_MATCH = YES;
				CODE_SIGN_IDENTITY = "iPhone Developer";
				COPY_PHASE_STRIP = NO;
				DEBUG_INFORMATION_FORMAT = "dwarf-with-dsym";
				ENABLE_NS_ASSERTIONS = NO;
				ENABLE_STRICT_OBJC_MSGSEND = YES;
				GCC_C_LANGUAGE_STANDARD = gnu11;
				GCC_NO_COMMON_BLOCKS = YES;
				GCC_WARN_64_TO_32_BIT_CONVERSION = YES;
				GCC_WARN_ABOUT_RETURN_TYPE = YES_ERROR;
				GCC_WARN_UNDECLARED_SELECTOR = YES;
				GCC_WARN_UNINITIALIZED_AUTOS = YES_AGGRESSIVE;
				GCC_WARN_UNUSED_FUNCTION = YES;
				GCC_WARN_UNUSED_VARIABLE = YES;
				IPHONEOS_DEPLOYMENT_TARGET = 11.2;
				MTL_ENABLE_DEBUG_INFO = NO;
				SDKROOT = iphoneos;
				SWIFT_OPTIMIZATION_LEVEL = "-Owholemodule";
				VALIDATE_PRODUCT = YES;
			};
			name = Release;
		};
		2E32885B207698F000A6D66B /* Debug */ = {
			isa = XCBuildConfiguration;
			buildSettings = {
				ASSETCATALOG_COMPILER_APPICON_NAME = AppIcon;
				CODE_SIGN_STYLE = Automatic;
				DEVELOPMENT_TEAM = 889ZT45J94;
				INFOPLIST_FILE = NetworkPostDemo/Info.plist;
				LD_RUNPATH_SEARCH_PATHS = "$(inherited) @executable_path/Frameworks";
				PRODUCT_BUNDLE_IDENTIFIER = com.baksha97.imagecompressiondemo.NetworkPostDemo;
				PRODUCT_NAME = "$(TARGET_NAME)";
				SWIFT_VERSION = 4.0;
				TARGETED_DEVICE_FAMILY = "1,2";
			};
			name = Debug;
		};
		2E32885C207698F000A6D66B /* Release */ = {
			isa = XCBuildConfiguration;
			buildSettings = {
				ASSETCATALOG_COMPILER_APPICON_NAME = AppIcon;
				CODE_SIGN_STYLE = Automatic;
				DEVELOPMENT_TEAM = 889ZT45J94;
				INFOPLIST_FILE = NetworkPostDemo/Info.plist;
				LD_RUNPATH_SEARCH_PATHS = "$(inherited) @executable_path/Frameworks";
				PRODUCT_BUNDLE_IDENTIFIER = com.baksha97.imagecompressiondemo.NetworkPostDemo;
				PRODUCT_NAME = "$(TARGET_NAME)";
				SWIFT_VERSION = 4.0;
				TARGETED_DEVICE_FAMILY = "1,2";
			};
			name = Release;
		};
/* End XCBuildConfiguration section */

/* Begin XCConfigurationList section */
		2E328843207698F000A6D66B /* Build configuration list for PBXProject "NetworkPostDemo" */ = {
			isa = XCConfigurationList;
			buildConfigurations = (
				2E328858207698F000A6D66B /* Debug */,
				2E328859207698F000A6D66B /* Release */,
			);
			defaultConfigurationIsVisible = 0;
			defaultConfigurationName = Release;
		};
		2E32885A207698F000A6D66B /* Build configuration list for PBXNativeTarget "NetworkPostDemo" */ = {
			isa = XCConfigurationList;
			buildConfigurations = (
				2E32885B207698F000A6D66B /* Debug */,
				2E32885C207698F000A6D66B /* Release */,
			);
			defaultConfigurationIsVisible = 0;
			defaultConfigurationName = Release;
		};
/* End XCConfigurationList section */
	};
	rootObject = 2E328840207698F000A6D66B /* Project object */;
}
